
Microsoft Visual Studio Solution File, Format Version 12.00
# Visual Studio Version 16
VisualStudioVersion = 16.0.29424.173
MinimumVisualStudioVersion = 10.0.40219.1
Project("{FAE04EC0-301F-11D3-BF4B-00C04F79EFBC}") = "lab09", "lab09\lab09.csproj", "{60245A10-8A42-43DF-ABC5-B8DF783FF344}"
EndProject
Global
	GlobalSection(SolutionConfigurationPlatforms) = preSolution
		Debug|Any CPU = Debug|Any CPU
		Release|Any CPU = Release|Any CPU
	EndGlobalSection
	GlobalSection(ProjectConfigurationPlatforms) = postSolution
		{60245A10-8A42-43DF-ABC5-B8DF783FF344}.Debug|Any CPU.ActiveCfg = Debug|Any CPU
		{60245A10-8A42-43DF-ABC5-B8DF783FF344}.Debug|Any CPU.Build.0 = Debug|Any CPU
		{60245A10-8A42-43DF-ABC5-B8DF783FF344}.Release|Any CPU.ActiveCfg = Release|Any CPU
		{60245A10-8A42-43DF-ABC5-B8DF783FF344}.Release|Any CPU.Build.0 = Release|Any CPU
	EndGlobalSection
	GlobalSection(SolutionProperties) = preSolution
		HideSolutionNode = FALSE
	EndGlobalSection
	GlobalSection(ExtensibilityGlobals) = postSolution
		SolutionGuid = {A2AEF5FD-7C3C-4E15-B538-8CDBEAD16093}
	EndGlobalSection
EndGlobal
